Microsoft Visual Studio Solution File, Format Version 12.00
# Visual Studio Version 17
VisualStudioVersion = 17.14.36414.22 d17.14
MinimumVisualStudioVersion = 10.0.40219.1
Project("{FAE04EC0-301F-11D3-BF4B-00C04F79EFBC}") = "TeamRanker.Api", "src\TeamRanker.Api\TeamRanker.Api.csproj", "{949120B7-D088-4DB9-9E15-9D3ECB158D55}"
EndProject
Project("{FAE04EC0-301F-11D3-BF4B-00C04F79EFBC}") = "TeamRanker.Core", "src\TeamRanker.Core\TeamRanker.Core.csproj", "{DBFD9ED7-9AD8-4BE1-B3C8-5245237ED3BB}"
EndProject
Project("{FAE04EC0-301F-11D3-BF4B-00C04F79EFBC}") = "TeamRanker.Tests", "tests\TeamRanker.Tests\TeamRanker.Tests.csproj", "{D6D2DAF7-8D74-40B9-BE5D-EAF18C75293B}"
EndProject
Global
	GlobalSection(SolutionConfigurationPlatforms) = preSolution
		Debug|Any CPU = Debug|Any CPU
		Release|Any CPU = Release|Any CPU
	EndGlobalSection
	GlobalSection(ProjectConfigurationPlatforms) = postSolution
		{949120B7-D088-4DB9-9E15-9D3ECB158D55}.Debug|Any CPU.ActiveCfg = Debug|Any CPU
		{949120B7-D088-4DB9-9E15-9D3ECB158D55}.Debug|Any CPU.Build.0 = Debug|Any CPU
		{949120B7-D088-4DB9-9E15-9D3ECB158D55}.Release|Any CPU.ActiveCfg = Release|Any CPU
		{949120B7-D088-4DB9-9E15-9D3ECB158D55}.Release|Any CPU.Build.0 = Release|Any CPU
		{DBFD9ED7-9AD8-4BE1-B3C8-5245237ED3BB}.Debug|Any CPU.ActiveCfg = Debug|Any CPU
		{DBFD9ED7-9AD8-4BE1-B3C8-5245237ED3BB}.Debug|Any CPU.Build.0 = Debug|Any CPU
		{DBFD9ED7-9AD8-4BE1-B3C8-5245237ED3BB}.Release|Any CPU.ActiveCfg = Release|Any CPU
		{DBFD9ED7-9AD8-4BE1-B3C8-5245237ED3BB}.Release|Any CPU.Build.0 = Release|Any CPU
		{D6D2DAF7-8D74-40B9-BE5D-EAF18C75293B}.Debug|Any CPU.ActiveCfg = Debug|Any CPU
		{D6D2DAF7-8D74-40B9-BE5D-EAF18C75293B}.Debug|Any CPU.Build.0 = Debug|Any CPU
		{D6D2DAF7-8D74-40B9-BE5D-EAF18C75293B}.Release|Any CPU.ActiveCfg = Release|Any CPU
		{D6D2DAF7-8D74-40B9-BE5D-EAF18C75293B}.Release|Any CPU.Build.0 = Release|Any CPU
	EndGlobalSection
	GlobalSection(SolutionProperties) = preSolution
		HideSolutionNode = FALSE
	EndGlobalSection
EndGlobal
